
Microsoft Visual Studio Solution File, Format Version 12.00
# Visual Studio Version 17
VisualStudioVersion = 17.12.35521.163 d17.12
MinimumVisualStudioVersion = 10.0.40219.1
Project("{FAE04EC0-301F-11D3-BF4B-00C04F79EFBC}") = "AZLearningApp", "AZLearningApp\AZLearningApp.csproj", "{EEB24A4F-5327-4AFB-8DC7-8A40181BC9A6}"
EndProject
Global
	GlobalSection(SolutionConfigurationPlatforms) = preSolution
		Debug|Any CPU = Debug|Any CPU
		Release|Any CPU = Release|Any CPU
	EndGlobalSection
	GlobalSection(ProjectConfigurationPlatforms) = postSolution
		{EEB24A4F-5327-4AFB-8DC7-8A40181BC9A6}.Debug|Any CPU.ActiveCfg = Debug|Any CPU
		{EEB24A4F-5327-4AFB-8DC7-8A40181BC9A6}.Debug|Any CPU.Build.0 = Debug|Any CPU
		{EEB24A4F-5327-4AFB-8DC7-8A40181BC9A6}.Release|Any CPU.ActiveCfg = Release|Any CPU
		{EEB24A4F-5327-4AFB-8DC7-8A40181BC9A6}.Release|Any CPU.Build.0 = Release|Any CPU
	EndGlobalSection
	GlobalSection(SolutionProperties) = preSolution
		HideSolutionNode = FALSE
	EndGlobalSection
EndGlobal
